
Microsoft Visual Studio Solution File, Format Version 12.00
# Visual Studio Version 16
VisualStudioVersion = 16.0.32413.511
MinimumVisualStudioVersion = 10.0.40219.1
Project("{D2ABAB84-BF74-430A-B69E-9DC6D40DDA17}") = "NBA_Analysis", "MultidimensionalProject1\NBA_Analysis.dwproj", "{B7E6F4E5-13CF-40BD-9A60-F9C4068C84B4}"
EndProject
Global
	GlobalSection(SolutionConfigurationPlatforms) = preSolution
		Development|Default = Development|Default
	EndGlobalSection
	GlobalSection(ProjectConfigurationPlatforms) = postSolution
		{B7E6F4E5-13CF-40BD-9A60-F9C4068C84B4}.Development|Default.ActiveCfg = Development
		{B7E6F4E5-13CF-40BD-9A60-F9C4068C84B4}.Development|Default.Build.0 = Development
		{B7E6F4E5-13CF-40BD-9A60-F9C4068C84B4}.Development|Default.Deploy.0 = Development
	EndGlobalSection
	GlobalSection(SolutionProperties) = preSolution
		HideSolutionNode = FALSE
	EndGlobalSection
	GlobalSection(ExtensibilityGlobals) = postSolution
		SolutionGuid = {5DECB5AE-5539-4B00-82C0-EC0DFBD6F72C}
	EndGlobalSection
EndGlobal
